// !$*UTF8*$!
{
	archiveVersion = 1;
	classes = {
	};
	objectVersion = 56;
	objects = {

/* Begin PBXBuildFile section */
		304A1CAF2A0BE129005B088B /* AppDelegate.swift in Sources */ = {isa = PBXBuildFile; fileRef = 304A1CAE2A0BE129005B088B /* AppDelegate.swift */; };
		304A1CB12A0BE129005B088B /* SceneDelegate.swift in Sources */ = {isa = PBXBuildFile; fileRef = 304A1CB02A0BE129005B088B /* SceneDelegate.swift */; };
		304A1CB82A0BE12B005B088B /* Assets.xcassets in Resources */ = {isa = PBXBuildFile; fileRef = 304A1CB72A0BE12B005B088B /* Assets.xcassets */; };
		304A1CC32A0BE7B5005B088B /* Person.swift in Sources */ = {isa = PBXBuildFile; fileRef = 304A1CC22A0BE7B5005B088B /* Person.swift */; };
		304A1CC52A0BE7D0005B088B /* PersonView.swift in Sources */ = {isa = PBXBuildFile; fileRef = 304A1CC42A0BE7D0005B088B /* PersonView.swift */; };
		304A1CC72A0BE7E8005B088B /* PersonCell.swift in Sources */ = {isa = PBXBuildFile; fileRef = 304A1CC62A0BE7E8005B088B /* PersonCell.swift */; };
		304A1CC92A0BE7FF005B088B /* SettingsViewController.swift in Sources */ = {isa = PBXBuildFile; fileRef = 304A1CC82A0BE7FF005B088B /* SettingsViewController.swift */; };
		304A1CCB2A0BE85D005B088B /* SimulationViewController.swift in Sources */ = {isa = PBXBuildFile; fileRef = 304A1CCA2A0BE85D005B088B /* SimulationViewController.swift */; };
		30E81FC22A0CFC67007A58B4 /* InputValidator.swift in Sources */ = {isa = PBXBuildFile; fileRef = 30E81FC12A0CFC67007A58B4 /* InputValidator.swift */; };
/* End PBXBuildFile section */

/* Begin PBXFileReference section */
		304A1CAB2A0BE129005B088B /* VirusUIKit.app */ = {isa = PBXFileReference; explicitFileType = wrapper.application; includeInIndex = 0; path = VirusUIKit.app; sourceTree = BUILT_PRODUCTS_DIR; };
		304A1CAE2A0BE129005B088B /* AppDelegate.swift */ = {isa = PBXFileReference; lastKnownFileType = sourcecode.swift; path = AppDelegate.swift; sourceTree = "<group>"; };
		304A1CB02A0BE129005B088B /* SceneDelegate.swift */ = {isa = PBXFileReference; lastKnownFileType = sourcecode.swift; path = SceneDelegate.swift; sourceTree = "<group>"; };
		304A1CB72A0BE12B005B088B /* Assets.xcassets */ = {isa = PBXFileReference; lastKnownFileType = folder.assetcatalog; path = Assets.xcassets; sourceTree = "<group>"; };
		304A1CBC2A0BE12B005B088B /* Info.plist */ = {isa = PBXFileReference; lastKnownFileType = text.plist.xml; path = Info.plist; sourceTree = "<group>"; };
		304A1CC22A0BE7B5005B088B /* Person.swift */ = {isa = PBXFileReference; lastKnownFileType = sourcecode.swift; path = Person.swift; sourceTree = "<group>"; };
		304A1CC42A0BE7D0005B088B /* PersonView.swift */ = {isa = PBXFileReference; lastKnownFileType = sourcecode.swift; path = PersonView.swift; sourceTree = "<group>"; };
		304A1CC62A0BE7E8005B088B /* PersonCell.swift */ = {isa = PBXFileReference; lastKnownFileType = sourcecode.swift; path = PersonCell.swift; sourceTree = "<group>"; };
		304A1CC82A0BE7FF005B088B /* SettingsViewController.swift */ = {isa = PBXFileReference; lastKnownFileType = sourcecode.swift; path = SettingsViewController.swift; sourceTree = "<group>"; };
		304A1CCA2A0BE85D005B088B /* SimulationViewController.swift */ = {isa = PBXFileReference; lastKnownFileType = sourcecode.swift; path = SimulationViewController.swift; sourceTree = "<group>"; };
		30E81FC12A0CFC67007A58B4 /* InputValidator.swift */ = {isa = PBXFileReference; lastKnownFileType = sourcecode.swift; path = InputValidator.swift; sourceTree = "<group>"; };
/* End PBXFileReference section */

/* Begin PBXFrameworksBuildPhase section */
		304A1CA82A0BE129005B088B /* Frameworks */ = {
			isa = PBXFrameworksBuildPhase;
			buildActionMask = 2147483647;
			files = (
			);
			runOnlyForDeploymentPostprocessing = 0;
		};
/* End PBXFrameworksBuildPhase section */

/* Begin PBXGroup section */
		304A1CA22A0BE128005B088B = {
			isa = PBXGroup;
			children = (
				304A1CAD2A0BE129005B088B /* VirusUIKit */,
				304A1CAC2A0BE129005B088B /* Products */,
			);
			sourceTree = "<group>";
		};
		304A1CAC2A0BE129005B088B /* Products */ = {
			isa = PBXGroup;
			children = (
				304A1CAB2A0BE129005B088B /* VirusUIKit.app */,
			);
			name = Products;
			sourceTree = "<group>";
		};
		304A1CAD2A0BE129005B088B /* VirusUIKit */ = {
			isa = PBXGroup;
			children = (
				304A1CCF2A0C08F3005B088B /* View */,
				304A1CCE2A0C08EE005B088B /* Model */,
				30E81FC32A0CFE47007A58B4 /* Services */,
				304A1CCD2A0C08D9005B088B /* CollectionViewCell */,
				304A1CCC2A0C0855005B088B /* ViewControllers */,
				304A1CD02A0C09B3005B088B /* Sourse */,
				304A1CD12A0C09C2005B088B /* SupportingFiles */,
			);
			path = VirusUIKit;
			sourceTree = "<group>";
		};
		304A1CCC2A0C0855005B088B /* ViewControllers */ = {
			isa = PBXGroup;
			children = (
				304A1CC82A0BE7FF005B088B /* SettingsViewController.swift */,
				304A1CCA2A0BE85D005B088B /* SimulationViewController.swift */,
			);
			path = ViewControllers;
			sourceTree = "<group>";
		};
		304A1CCD2A0C08D9005B088B /* CollectionViewCell */ = {
			isa = PBXGroup;
			children = (
				304A1CC62A0BE7E8005B088B /* PersonCell.swift */,
			);
			path = CollectionViewCell;
			sourceTree = "<group>";
		};
		304A1CCE2A0C08EE005B088B /* Model */ = {
			isa = PBXGroup;
			children = (
				304A1CC22A0BE7B5005B088B /* Person.swift */,
			);
			path = Model;
			sourceTree = "<group>";
		};
		304A1CCF2A0C08F3005B088B /* View */ = {
			isa = PBXGroup;
			children = (
				304A1CC42A0BE7D0005B088B /* PersonView.swift */,
			);
			path = View;
			sourceTree = "<group>";
		};
		304A1CD02A0C09B3005B088B /* Sourse */ = {
			isa = PBXGroup;
			children = (
				304A1CB72A0BE12B005B088B /* Assets.xcassets */,
			);
			path = Sourse;
			sourceTree = "<group>";
		};
		304A1CD12A0C09C2005B088B /* SupportingFiles */ = {
			isa = PBXGroup;
			children = (
				304A1CAE2A0BE129005B088B /* AppDelegate.swift */,
				304A1CB02A0BE129005B088B /* SceneDelegate.swift */,
				304A1CBC2A0BE12B005B088B /* Info.plist */,
			);
			path = SupportingFiles;
			sourceTree = "<group>";
		};
		30E81FC32A0CFE47007A58B4 /* Services */ = {
			isa = PBXGroup;
			children = (
				30E81FC12A0CFC67007A58B4 /* InputValidator.swift */,
			);
			path = Services;
			sourceTree = "<group>";
		};
/* End PBXGroup section */

/* Begin PBXNativeTarget section */
		304A1CAA2A0BE129005B088B /* VirusUIKit */ = {
			isa = PBXNativeTarget;
			buildConfigurationList = 304A1CBF2A0BE12B005B088B /* Build configuration list for PBXNativeTarget "VirusUIKit" */;
			buildPhases = (
				304A1CA72A0BE129005B088B /* Sources */,
				304A1CA82A0BE129005B088B /* Frameworks */,
				304A1CA92A0BE129005B088B /* Resources */,
			);
			buildRules = (
			);
			dependencies = (
			);
			name = VirusUIKit;
			productName = VirusUIKit;
			productReference = 304A1CAB2A0BE129005B088B /* VirusUIKit.app */;
			productType = "com.apple.product-type.application";
		};
/* End PBXNativeTarget section */

/* Begin PBXProject section */
		304A1CA32A0BE128005B088B /* Project object */ = {
			isa = PBXProject;
			attributes = {
				BuildIndependentTargetsInParallel = 1;
				LastSwiftUpdateCheck = 1430;
				LastUpgradeCheck = 1430;
				TargetAttributes = {
					304A1CAA2A0BE129005B088B = {
						CreatedOnToolsVersion = 14.3;
					};
				};
			};
			buildConfigurationList = 304A1CA62A0BE128005B088B /* Build configuration list for PBXProject "VirusUIKit" */;
			compatibilityVersion = "Xcode 14.0";
			developmentRegion = en;
			hasScannedForEncodings = 0;
			knownRegions = (
				en,
				Base,
			);
			mainGroup = 304A1CA22A0BE128005B088B;
			productRefGroup = 304A1CAC2A0BE129005B088B /* Products */;
			projectDirPath = "";
			projectRoot = "";
			targets = (
				304A1CAA2A0BE129005B088B /* VirusUIKit */,
			);
		};
/* End PBXProject section */

/* Begin PBXResourcesBuildPhase section */
		304A1CA92A0BE129005B088B /* Resources */ = {
			isa = PBXResourcesBuildPhase;
			buildActionMask = 2147483647;
			files = (
				304A1CB82A0BE12B005B088B /* Assets.xcassets in Resources */,
			);
			runOnlyForDeploymentPostprocessing = 0;
		};
/* End PBXResourcesBuildPhase section */

/* Begin PBXSourcesBuildPhase section */
		304A1CA72A0BE129005B088B /* Sources */ = {
			isa = PBXSourcesBuildPhase;
			buildActionMask = 2147483647;
			files = (
				304A1CC72A0BE7E8005B088B /* PersonCell.swift in Sources */,
				304A1CC52A0BE7D0005B088B /* PersonView.swift in Sources */,
				304A1CC92A0BE7FF005B088B /* SettingsViewController.swift in Sources */,
				304A1CAF2A0BE129005B088B /* AppDelegate.swift in Sources */,
				304A1CCB2A0BE85D005B088B /* SimulationViewController.swift in Sources */,
				30E81FC22A0CFC67007A58B4 /* InputValidator.swift in Sources */,
				304A1CC32A0BE7B5005B088B /* Person.swift in Sources */,
				304A1CB12A0BE129005B088B /* SceneDelegate.swift in Sources */,
			);
			runOnlyForDeploymentPostprocessing = 0;
		};
/* End PBXSourcesBuildPhase section */

/* Begin XCBuildConfiguration section */
		304A1CBD2A0BE12B005B088B /* Debug */ = {
			isa = XCBuildConfiguration;
			buildSettings = {
				ALWAYS_SEARCH_USER_PATHS = NO;
				CLANG_ANALYZER_NONNULL = YES;
				CLANG_ANALYZER_NUMBER_OBJECT_CONVERSION = YES_AGGRESSIVE;
				CLANG_CXX_LANGUAGE_STANDARD = "gnu++20";
				CLANG_ENABLE_MODULES = YES;
				CLANG_ENABLE_OBJC_ARC = YES;
				CLANG_ENABLE_OBJC_WEAK = YES;
				CLANG_WARN_BLOCK_CAPTURE_AUTORELEASING = YES;
				CLANG_WARN_BOOL_CONVERSION = YES;
				CLANG_WARN_COMMA = YES;
				CLANG_WARN_CONSTANT_CONVERSION = YES;
				CLANG_WARN_DEPRECATED_OBJC_IMPLEMENTATIONS = YES;
				CLANG_WARN_DIRECT_OBJC_ISA_USAGE = YES_ERROR;
				CLANG_WARN_DOCUMENTATION_COMMENTS = YES;
				CLANG_WARN_EMPTY_BODY = YES;
				CLANG_WARN_ENUM_CONVERSION = YES;
				CLANG_WARN_INFINITE_RECURSION = YES;
				CLANG_WARN_INT_CONVERSION = YES;
				CLANG_WARN_NON_LITERAL_NULL_CONVERSION = YES;
				CLANG_WARN_OBJC_IMPLICIT_RETAIN_SELF = YES;
				CLANG_WARN_OBJC_LITERAL_CONVERSION = YES;
				CLANG_WARN_OBJC_ROOT_CLASS = YES_ERROR;
				CLANG_WARN_QUOTED_INCLUDE_IN_FRAMEWORK_HEADER = YES;
				CLANG_WARN_RANGE_LOOP_ANALYSIS = YES;
				CLANG_WARN_STRICT_PROTOTYPES = YES;
				CLANG_WARN_SUSPICIOUS_MOVE = YES;
				CLANG_WARN_UNGUARDED_AVAILABILITY = YES_AGGRESSIVE;
				CLANG_WARN_UNREACHABLE_CODE = YES;
				CLANG_WARN__DUPLICATE_METHOD_MATCH = YES;
				COPY_PHASE_STRIP = NO;
				DEBUG_INFORMATION_FORMAT = dwarf;
				ENABLE_STRICT_OBJC_MSGSEND = YES;
				ENABLE_TESTABILITY = YES;
				GCC_C_LANGUAGE_STANDARD = gnu11;
				GCC_DYNAMIC_NO_PIC = NO;
				GCC_NO_COMMON_BLOCKS = YES;
				GCC_OPTIMIZATION_LEVEL = 0;
				GCC_PREPROCESSOR_DEFINITIONS = (
					"DEBUG=1",
					"$(inherited)",
				);
				GCC_WARN_64_TO_32_BIT_CONVERSION = YES;
				GCC_WARN_ABOUT_RETURN_TYPE = YES_ERROR;
				GCC_WARN_UNDECLARED_SELECTOR = YES;
				GCC_WARN_UNINITIALIZED_AUTOS = YES_AGGRESSIVE;
				GCC_WARN_UNUSED_FUNCTION = YES;
				GCC_WARN_UNUSED_VARIABLE = YES;
				IPHONEOS_DEPLOYMENT_TARGET = 16.4;
				MTL_ENABLE_DEBUG_INFO = INCLUDE_SOURCE;
				MTL_FAST_MATH = YES;
				ONLY_ACTIVE_ARCH = YES;
				SDKROOT = iphoneos;
				SWIFT_ACTIVE_COMPILATION_CONDITIONS = DEBUG;
				SWIFT_OPTIMIZATION_LEVEL = "-Onone";
			};
			name = Debug;
		};
		304A1CBE2A0BE12B005B088B /* Release */ = {
			isa = XCBuildConfiguration;
			buildSettings = {
				ALWAYS_SEARCH_USER_PATHS = NO;
				CLANG_ANALYZER_NONNULL = YES;
				CLANG_ANALYZER_NUMBER_OBJECT_CONVERSION = YES_AGGRESSIVE;
				CLANG_CXX_LANGUAGE_STANDARD = "gnu++20";
				CLANG_ENABLE_MODULES = YES;
				CLANG_ENABLE_OBJC_ARC = YES;
				CLANG_ENABLE_OBJC_WEAK = YES;
				CLANG_WARN_BLOCK_CAPTURE_AUTORELEASING = YES;
				CLANG_WARN_BOOL_CONVERSION = YES;
				CLANG_WARN_COMMA = YES;
				CLANG_WARN_CONSTANT_CONVERSION = YES;
				CLANG_WARN_DEPRECATED_OBJC_IMPLEMENTATIONS = YES;
				CLANG_WARN_DIRECT_OBJC_ISA_USAGE = YES_ERROR;
				CLANG_WARN_DOCUMENTATION_COMMENTS = YES;
				CLANG_WARN_EMPTY_BODY = YES;
				CLANG_WARN_ENUM_CONVERSION = YES;
				CLANG_WARN_INFINITE_RECURSION = YES;
				CLANG_WARN_INT_CONVERSION = YES;
				CLANG_WARN_NON_LITERAL_NULL_CONVERSION = YES;
				CLANG_WARN_OBJC_IMPLICIT_RETAIN_SELF = YES;
				CLANG_WARN_OBJC_LITERAL_CONVERSION = YES;
				CLANG_WARN_OBJC_ROOT_CLASS = YES_ERROR;
				CLANG_WARN_QUOTED_INCLUDE_IN_FRAMEWORK_HEADER = YES;
				CLANG_WARN_RANGE_LOOP_ANALYSIS = YES;
				CLANG_WARN_STRICT_PROTOTYPES = YES;
				CLANG_WARN_SUSPICIOUS_MOVE = YES;
				CLANG_WARN_UNGUARDED_AVAILABILITY = YES_AGGRESSIVE;
				CLANG_WARN_UNREACHABLE_CODE = YES;
				CLANG_WARN__DUPLICATE_METHOD_MATCH = YES;
				COPY_PHASE_STRIP = NO;
				DEBUG_INFORMATION_FORMAT = "dwarf-with-dsym";
				ENABLE_NS_ASSERTIONS = NO;
				ENABLE_STRICT_OBJC_MSGSEND = YES;
				GCC_C_LANGUAGE_STANDARD = gnu11;
				GCC_NO_COMMON_BLOCKS = YES;
				GCC_WARN_64_TO_32_BIT_CONVERSION = YES;
				GCC_WARN_ABOUT_RETURN_TYPE = YES_ERROR;
				GCC_WARN_UNDECLARED_SELECTOR = YES;
				GCC_WARN_UNINITIALIZED_AUTOS = YES_AGGRESSIVE;
				GCC_WARN_UNUSED_FUNCTION = YES;
				GCC_WARN_UNUSED_VARIABLE = YES;
				IPHONEOS_DEPLOYMENT_TARGET = 16.4;
				MTL_ENABLE_DEBUG_INFO = NO;
				MTL_FAST_MATH = YES;
				SDKROOT = iphoneos;
				SWIFT_COMPILATION_MODE = wholemodule;
				SWIFT_OPTIMIZATION_LEVEL = "-O";
				VALIDATE_PRODUCT = YES;
			};
			name = Release;
		};
		304A1CC02A0BE12B005B088B /* Debug */ = {
			isa = XCBuildConfiguration;
			buildSettings = {
				ASSETCATALOG_COMPILER_APPICON_NAME = AppIcon;
				ASSETCATALOG_COMPILER_GLOBAL_ACCENT_COLOR_NAME = AccentColor;
				CODE_SIGN_STYLE = Automatic;
				CURRENT_PROJECT_VERSION = 1;
				DEVELOPMENT_TEAM = 6L7N87WCCB;
				GENERATE_INFOPLIST_FILE = YES;
				INFOPLIST_FILE = VirusUIKit/SupportingFiles/Info.plist;
				INFOPLIST_KEY_UIApplicationSupportsIndirectInputEvents = YES;
				INFOPLIST_KEY_UILaunchStoryboardName = LaunchScreen;
				INFOPLIST_KEY_UISupportedInterfaceOrientations = UIInterfaceOrientationPortrait;
				INFOPLIST_KEY_UISupportedInterfaceOrientations_iPad = "UIInterfaceOrientationLandscapeLeft UIInterfaceOrientationLandscapeRight UIInterfaceOrientationPortrait UIInterfaceOrientationPortraitUpsideDown";
				IPHONEOS_DEPLOYMENT_TARGET = 16.2;
				LD_RUNPATH_SEARCH_PATHS = (
					"$(inherited)",
					"@executable_path/Frameworks",
				);
				MARKETING_VERSION = 1.0;
				PRODUCT_BUNDLE_IDENTIFIER = RG.VirusUIKit;
				PRODUCT_NAME = "$(TARGET_NAME)";
				SUPPORTED_PLATFORMS = "iphoneos iphonesimulator";
				SUPPORTS_MACCATALYST = NO;
				SUPPORTS_MAC_DESIGNED_FOR_IPHONE_IPAD = NO;
				SWIFT_EMIT_LOC_STRINGS = YES;
				SWIFT_VERSION = 5.0;
				TARGETED_DEVICE_FAMILY = 1;
			};
			name = Debug;
		};
		304A1CC12A0BE12B005B088B /* Release */ = {
			isa = XCBuildConfiguration;
			buildSettings = {
				ASSETCATALOG_COMPILER_APPICON_NAME = AppIcon;
				ASSETCATALOG_COMPILER_GLOBAL_ACCENT_COLOR_NAME = AccentColor;
				CODE_SIGN_STYLE = Automatic;
				CURRENT_PROJECT_VERSION = 1;
				DEVELOPMENT_TEAM = 6L7N87WCCB;
				GENERATE_INFOPLIST_FILE = YES;
				INFOPLIST_FILE = VirusUIKit/SupportingFiles/Info.plist;
				INFOPLIST_KEY_UIApplicationSupportsIndirectInputEvents = YES;
				INFOPLIST_KEY_UILaunchStoryboardName = LaunchScreen;
				INFOPLIST_KEY_UISupportedInterfaceOrientations = UIInterfaceOrientationPortrait;
				INFOPLIST_KEY_UISupportedInterfaceOrientations_iPad = "UIInterfaceOrientationLandscapeLeft UIInterfaceOrientationLandscapeRight UIInterfaceOrientationPortrait UIInterfaceOrientationPortraitUpsideDown";
				IPHONEOS_DEPLOYMENT_TARGET = 16.2;
				LD_RUNPATH_SEARCH_PATHS = (
					"$(inherited)",
					"@executable_path/Frameworks",
				);
				MARKETING_VERSION = 1.0;
				PRODUCT_BUNDLE_IDENTIFIER = RG.VirusUIKit;
				PRODUCT_NAME = "$(TARGET_NAME)";
				SUPPORTED_PLATFORMS = "iphoneos iphonesimulator";
				SUPPORTS_MACCATALYST = NO;
				SUPPORTS_MAC_DESIGNED_FOR_IPHONE_IPAD = NO;
				SWIFT_EMIT_LOC_STRINGS = YES;
				SWIFT_VERSION = 5.0;
				TARGETED_DEVICE_FAMILY = 1;
			};
			name = Release;
		};
/* End XCBuildConfiguration section */

/* Begin XCConfigurationList section */
		304A1CA62A0BE128005B088B /* Build configuration list for PBXProject "VirusUIKit" */ = {
			isa = XCConfigurationList;
			buildConfigurations = (
				304A1CBD2A0BE12B005B088B /* Debug */,
				304A1CBE2A0BE12B005B088B /* Release */,
			);
			defaultConfigurationIsVisible = 0;
			defaultConfigurationName = Release;
		};
		304A1CBF2A0BE12B005B088B /* Build configuration list for PBXNativeTarget "VirusUIKit" */ = {
			isa = XCConfigurationList;
			buildConfigurations = (
				304A1CC02A0BE12B005B088B /* Debug */,
				304A1CC12A0BE12B005B088B /* Release */,
			);
			defaultConfigurationIsVisible = 0;
			defaultConfigurationName = Release;
		};
/* End XCConfigurationList section */
	};
	rootObject = 304A1CA32A0BE128005B088B /* Project object */;
}
